{
  "name": "@oncehub/ui",
  "version": "9.0.1-beta.2",
  "lockfileVersion": 3,
  "requires": true,
  "packages": {
    "": {
      "name": "@oncehub/ui",
      "version": "9.0.1-beta.2",
      "dependencies": {
        "tslib": "^2.4.0"
      }
    },
    "node_modules/tslib": {
      "version": "2.8.1",
      "resolved": "https://registry.npmjs.org/tslib/-/tslib-2.8.1.tgz",
      "integrity": "sha512-oJFu94HQb+KVduSUQL7wnpmqnfmLsOA/nAh6b6EH0wCEoK0/mPeXU6c3wKDV83MkOuHPRHtSXKKU99IBazS/2w=="
    }
  }
}
